
Microsoft Visual Studio Solution File, Format Version 12.00
# Visual Studio Version 16
VisualStudioVersion = 16.0.34902.97
MinimumVisualStudioVersion = 10.0.40219.1
Project("{13B669BE-BB05-4DDF-9536-439F39A36129}") = "Logaritmos", "Logaritmos.phpproj", "{EDFD6FD7-5075-4C31-8416-5713D568F571}"
EndProject
Global
	GlobalSection(SolutionConfigurationPlatforms) = preSolution
		Debug|Any CPU = Debug|Any CPU
		Release|Any CPU = Release|Any CPU
	EndGlobalSection
	GlobalSection(ProjectConfigurationPlatforms) = postSolution
		{EDFD6FD7-5075-4C31-8416-5713D568F571}.Debug|Any CPU.ActiveCfg = Debug|Any CPU
		{EDFD6FD7-5075-4C31-8416-5713D568F571}.Debug|Any CPU.Build.0 = Debug|Any CPU
		{EDFD6FD7-5075-4C31-8416-5713D568F571}.Release|Any CPU.ActiveCfg = Release|Any CPU
		{EDFD6FD7-5075-4C31-8416-5713D568F571}.Release|Any CPU.Build.0 = Release|Any CPU
	EndGlobalSection
	GlobalSection(SolutionProperties) = preSolution
		HideSolutionNode = FALSE
	EndGlobalSection
	GlobalSection(ExtensibilityGlobals) = postSolution
		SolutionGuid = {154B2B9D-0872-4B4F-B6A6-CA8F571D1DA1}
	EndGlobalSection
EndGlobal
